Microsoft Visual Studio Solution File, Format Version 12.00
# Visual Studio Version 17
VisualStudioVersion = 17.5.2.0
MinimumVisualStudioVersion = 10.0.40219.1
Project("{FAE04EC0-301F-11D3-BF4B-00C04F79EFBC}") = "algoritms", "algoritms.csproj", "{C8A7C187-6E57-7606-971B-03511726B56F}"
EndProject
Global
	GlobalSection(SolutionConfigurationPlatforms) = preSolution
		Debug|Any CPU = Debug|Any CPU
		Release|Any CPU = Release|Any CPU
	EndGlobalSection
	GlobalSection(ProjectConfigurationPlatforms) = postSolution
		{C8A7C187-6E57-7606-971B-03511726B56F}.Debug|Any CPU.ActiveCfg = Debug|Any CPU
		{C8A7C187-6E57-7606-971B-03511726B56F}.Debug|Any CPU.Build.0 = Debug|Any CPU
		{C8A7C187-6E57-7606-971B-03511726B56F}.Release|Any CPU.ActiveCfg = Release|Any CPU
		{C8A7C187-6E57-7606-971B-03511726B56F}.Release|Any CPU.Build.0 = Release|Any CPU
	EndGlobalSection
	GlobalSection(SolutionProperties) = preSolution
		HideSolutionNode = FALSE
	EndGlobalSection
	GlobalSection(ExtensibilityGlobals) = postSolution
		SolutionGuid = {FB3B2268-B16B-4692-A0DA-7ED99E2CA8C7}
	EndGlobalSection
EndGlobal
